<?xml version="1.0" encoding="utf-8"?>
<Project ToolsVersion="4.0" xmlns="http://schemas.microsoft.com/developer/msbuild/2003">
  <ItemGroup>
    <ClCompile Include="stdafx.cpp" />
    <ClCompile Include="App\app.cpp">
      <Filter>NextAPI</Filter>
    </ClCompile>
    <ClCompile Include="App\main.cpp">
      <Filter>NextAPI</Filter>
    </ClCompile>
    <ClCompile Include="App\SimpleController.cpp">
      <Filter>NextAPI</Filter>
    </ClCompile>
    <ClCompile Include="App\SimpleSound.cpp">
      <Filter>NextAPI</Filter>
    </ClCompile>
    <ClCompile Include="App\SimpleSprite.cpp">
      <Filter>NextAPI</Filter>
    </ClCompile>
    <ClCompile Include="stb_image\stb_image.cpp">
      <Filter>stb_image</Filter>
    </ClCompile>
    <ClCompile Include="Actor.cpp">
      <Filter>GameEngine\Actor</Filter>
    </ClCompile>
    <ClCompile Include="Comp.cpp">
      <Filter>GameEngine\Comp</Filter>
    </ClCompile>
    <ClCompile Include="glsl.cpp">
      <Filter>GameEngine\Comp\Scene\Camera</Filter>
    </ClCompile>
    <ClCompile Include="glTape.cpp">
      <Filter>GameEngine\Comp\Scene\Camera</Filter>
    </ClCompile>
    <ClCompile Include="Object.cpp">
      <Filter>GameEngine</Filter>
    </ClCompile>
    <ClCompile Include="World.cpp">
      <Filter>GameEngine\Actor\World</Filter>
    </ClCompile>
    <ClCompile Include="Player.cpp">
      <Filter>GameEngine\Actor\Player</Filter>
    </ClCompile>
    <ClCompile Include="CameraComp.cpp">
      <Filter>GameEngine\Comp\Scene\Camera</Filter>
    </ClCompile>
    <ClCompile Include="GameTest.cpp" />
    <ClCompile Include="SceneComp.cpp">
      <Filter>GameEngine\Comp\Scene</Filter>
    </ClCompile>
    <ClCompile Include="UtilitiesMath.cpp">
      <Filter>GameEngine\Utilities</Filter>
    </ClCompile>
    <ClCompile Include="MeshComp.cpp">
      <Filter>GameEngine\Comp\Scene\Mesh</Filter>
    </ClCompile>
    <ClCompile Include="EssentialMeshComp.cpp">
      <Filter>GameEngine\Comp\Scene\Mesh\EssentialMesh</Filter>
    </ClCompile>
    <ClCompile Include="EssentialShape.cpp">
      <Filter>GameEngine\Actor\EssentialShapes</Filter>
    </ClCompile>
    <ClCompile Include="PhysicalComp.cpp">
      <Filter>GameEngine\Comp\Physics</Filter>
    </ClCompile>
    <ClCompile Include="OrbitComp.cpp">
      <Filter>GameEngine\Comp\Physics</Filter>
    </ClCompile>
    <ClCompile Include="OrbitingBody.cpp">
      <Filter>GameEngine\Actor\OrbitingBody</Filter>
    </ClCompile>
    <ClCompile Include="Manager.cpp">
      <Filter>GameEngine\Comp\Managers</Filter>
    </ClCompile>
    <ClCompile Include="PhysicsManager.cpp">
      <Filter>GameEngine\Comp\Managers\PhysicsManager</Filter>
    </ClCompile>
    <ClCompile Include="Prop.cpp">
      <Filter>GameEngine\Actor\Prop</Filter>
    </ClCompile>
    <ClCompile Include="Projectile.cpp">
      <Filter>GameEngine\Actor\Projectile</Filter>
    </ClCompile>
    <ClCompile Include="Planet.cpp">
      <Filter>GameEngine\Actor\Planet</Filter>
    </ClCompile>
    <ClCompile Include="ShapeComp.cpp">
      <Filter>GameEngine\Comp\Scene\Shape</Filter>
    </ClCompile>
    <ClCompile Include="GravityWellComp.cpp">
      <Filter>GameEngine\Comp\Physics</Filter>
    </ClCompile>
    <ClCompile Include="SpherePlanet.cpp">
      <Filter>GameEngine\Actor\Planet\Planets</Filter>
    </ClCompile>
    <ClCompile Include="Octree.cpp">
      <Filter>GameEngine\Comp\Managers\PhysicsManager</Filter>
    </ClCompile>
    <ClCompile Include="PressureWave.cpp">
      <Filter>GameEngine\Actor\PressureWave</Filter>
    </ClCompile>
    <ClCompile Include="TimeContainerProp.cpp">
      <Filter>GameEngine\Actor\Prop\McGuffins</Filter>
    </ClCompile>
    <ClCompile Include="PlanetNavigationComp.cpp">
      <Filter>GameEngine\Comp\Physics</Filter>
    </ClCompile>
    <ClCompile Include="RenderManager.cpp">
      <Filter>GameEngine\Comp\Managers\RenderManager</Filter>
    </ClCompile>
    <ClCompile Include="PlayerControllerComp.cpp">
      <Filter>GameEngine\Comp\Input</Filter>
    </ClCompile>
  </ItemGroup>
  <ItemGroup>
    <ClInclude Include="stdafx.h" />
    <ClInclude Include="App\app.h">
      <Filter>NextAPI</Filter>
    </ClInclude>
    <ClInclude Include="App\AppSettings.h">
      <Filter>NextAPI</Filter>
    </ClInclude>
    <ClInclude Include="App\main.h">
      <Filter>NextAPI</Filter>
    </ClInclude>
    <ClInclude Include="App\SimpleController.h">
      <Filter>NextAPI</Filter>
    </ClInclude>
    <ClInclude Include="App\SimpleSound.h">
      <Filter>NextAPI</Filter>
    </ClInclude>
    <ClInclude Include="App\SimpleSprite.h">
      <Filter>NextAPI</Filter>
    </ClInclude>
    <ClInclude Include="targetver.h">
      <Filter>NextAPI</Filter>
    </ClInclude>
    <ClInclude Include="stb_image\stb_image.h">
      <Filter>stb_image</Filter>
    </ClInclude>
    <ClInclude Include="Actor.h">
      <Filter>GameEngine\Actor</Filter>
    </ClInclude>
    <ClInclude Include="Comp.h">
      <Filter>GameEngine\Comp</Filter>
    </ClInclude>
    <ClInclude Include="glsl.h">
      <Filter>GameEngine\Comp\Scene\Camera</Filter>
    </ClInclude>
    <ClInclude Include="glTape.h">
      <Filter>GameEngine\Comp\Scene\Camera</Filter>
    </ClInclude>
    <ClInclude Include="Object.h">
      <Filter>GameEngine</Filter>
    </ClInclude>
    <ClInclude Include="World.h">
      <Filter>GameEngine\Actor\World</Filter>
    </ClInclude>
    <ClInclude Include="UtilitiesDebug.h">
      <Filter>GameEngine\Utilities</Filter>
    </ClInclude>
    <ClInclude Include="Player.h">
      <Filter>GameEngine\Actor\Player</Filter>
    </ClInclude>
    <ClInclude Include="CameraComp.h">
      <Filter>GameEngine\Comp\Scene\Camera</Filter>
    </ClInclude>
    <ClInclude Include="SceneComp.h">
      <Filter>GameEngine\Comp\Scene</Filter>
    </ClInclude>
    <ClInclude Include="UtilitiesMath.h">
      <Filter>GameEngine\Utilities</Filter>
    </ClInclude>
    <ClInclude Include="MeshComp.h">
      <Filter>GameEngine\Comp\Scene\Mesh</Filter>
    </ClInclude>
    <ClInclude Include="EssentialMeshComp.h">
      <Filter>GameEngine\Comp\Scene\Mesh\EssentialMesh</Filter>
    </ClInclude>
    <ClInclude Include="EssentialShape.h">
      <Filter>GameEngine\Actor\EssentialShapes</Filter>
    </ClInclude>
    <ClInclude Include="UtilitiesGameGlobals.h">
      <Filter>GameEngine\Utilities</Filter>
    </ClInclude>
    <ClInclude Include="PhysicalComp.h">
      <Filter>GameEngine\Comp\Physics</Filter>
    </ClInclude>
    <ClInclude Include="OrbitComp.h">
      <Filter>GameEngine\Comp\Physics</Filter>
    </ClInclude>
    <ClInclude Include="OrbitingBody.h">
      <Filter>GameEngine\Actor\OrbitingBody</Filter>
    </ClInclude>
    <ClInclude Include="Manager.h">
      <Filter>GameEngine\Comp\Managers</Filter>
    </ClInclude>
    <ClInclude Include="PhysicsManager.h">
      <Filter>GameEngine\Comp\Managers\PhysicsManager</Filter>
    </ClInclude>
    <ClInclude Include="Prop.h">
      <Filter>GameEngine\Actor\Prop</Filter>
    </ClInclude>
    <ClInclude Include="Projectile.h">
      <Filter>GameEngine\Actor\Projectile</Filter>
    </ClInclude>
    <ClInclude Include="Planet.h">
      <Filter>GameEngine\Actor\Planet</Filter>
    </ClInclude>
    <ClInclude Include="ShapeComp.h">
      <Filter>GameEngine\Comp\Scene\Shape</Filter>
    </ClInclude>
    <ClInclude Include="SpherePlanet.h">
      <Filter>GameEngine\Actor\Planet\Planets</Filter>
    </ClInclude>
    <ClInclude Include="Octree.h">
      <Filter>GameEngine\Comp\Managers\PhysicsManager</Filter>
    </ClInclude>
    <ClInclude Include="PressureWave.h">
      <Filter>GameEngine\Actor\PressureWave</Filter>
    </ClInclude>
    <ClInclude Include="TimeContainerProp.h">
      <Filter>GameEngine\Actor\Prop\McGuffins</Filter>
    </ClInclude>
    <ClInclude Include="PlanetNavigationComp.h">
      <Filter>GameEngine\Comp\Physics</Filter>
    </ClInclude>
    <ClInclude Include="RenderManager.h">
      <Filter>GameEngine\Comp\Managers\RenderManager</Filter>
    </ClInclude>
    <ClInclude Include="PlayerControllerComp.h">
      <Filter>GameEngine\Comp\Input</Filter>
    </ClInclude>
  </ItemGroup>
  <ItemGroup>
    <Filter Include="NextAPI">
      <UniqueIdentifier>{f318918d-bb9f-4402-ae1c-4f72186d16f6}</UniqueIdentifier>
    </Filter>
    <Filter Include="stb_image">
      <UniqueIdentifier>{61cfc19b-c57e-4021-b530-bac172fcba86}</UniqueIdentifier>
    </Filter>
    <Filter Include="GameEngine">
      <UniqueIdentifier>{17599d59-d2eb-428e-af0d-5f195795d9f5}</UniqueIdentifier>
    </Filter>
    <Filter Include="GameEngine\Utilities">
      <UniqueIdentifier>{81d85014-d5a8-4472-8193-d962bd32bfcf}</UniqueIdentifier>
    </Filter>
    <Filter Include="GameEngine\Actor">
      <UniqueIdentifier>{0ff29305-d781-4098-9b23-a4c2ab2903cc}</UniqueIdentifier>
    </Filter>
    <Filter Include="GameEngine\Actor\World">
      <UniqueIdentifier>{1e6b2cc7-0427-4c5a-a614-a58b2d1e1aac}</UniqueIdentifier>
    </Filter>
    <Filter Include="GameEngine\Comp">
      <UniqueIdentifier>{72b58063-82e4-4b9a-a17e-0201c13b3ad7}</UniqueIdentifier>
    </Filter>
    <Filter Include="GameEngine\Comp\Scene">
      <UniqueIdentifier>{c8f99fa3-cac4-45b0-91cf-bde5af161c2b}</UniqueIdentifier>
    </Filter>
    <Filter Include="GameEngine\Comp\Scene\Camera">
      <UniqueIdentifier>{390d2970-5cba-4911-952a-7101f36e7fbb}</UniqueIdentifier>
    </Filter>
    <Filter Include="GameEngine\Comp\Scene\Mesh">
      <UniqueIdentifier>{6833743b-00e2-48ab-a7d0-56658e3ae594}</UniqueIdentifier>
    </Filter>
    <Filter Include="GameEngine\Actor\EssentialShapes">
      <UniqueIdentifier>{caa509ee-fb45-4b5d-9839-13996562f5b1}</UniqueIdentifier>
    </Filter>
    <Filter Include="GameEngine\Comp\Scene\Mesh\EssentialMesh">
      <UniqueIdentifier>{af78c3bf-a41c-4ab4-adb4-dd5e6ce8578b}</UniqueIdentifier>
    </Filter>
    <Filter Include="GameEngine\Comp\Physics">
      <UniqueIdentifier>{2cafadb3-1cd2-4277-81fa-d2ef3b44bd20}</UniqueIdentifier>
    </Filter>
    <Filter Include="GameEngine\Comp\Managers">
      <UniqueIdentifier>{36bbd178-29a1-419a-8bf4-54f65ca4074a}</UniqueIdentifier>
    </Filter>
    <Filter Include="GameEngine\Comp\Managers\PhysicsManager">
      <UniqueIdentifier>{95763c6e-0820-415a-a5ef-b1117ee230e6}</UniqueIdentifier>
    </Filter>
    <Filter Include="GameEngine\Comp\Managers\MemoryManager">
      <UniqueIdentifier>{6af63ca4-02e3-475e-9c30-637c1160f791}</UniqueIdentifier>
    </Filter>
    <Filter Include="GameEngine\Actor\OrbitingBody">
      <UniqueIdentifier>{c41c8896-3fb8-4660-9fc7-eb89e2bc0a6d}</UniqueIdentifier>
    </Filter>
    <Filter Include="GameEngine\Actor\Planet">
      <UniqueIdentifier>{e7682059-1b8d-4eb3-88ee-276cea1e27a8}</UniqueIdentifier>
    </Filter>
    <Filter Include="GameEngine\Actor\Projectile">
      <UniqueIdentifier>{c1e54aac-3d75-4dc7-89f8-0d9294c52bb8}</UniqueIdentifier>
    </Filter>
    <Filter Include="GameEngine\Actor\Prop">
      <UniqueIdentifier>{d6c3d1a2-d01d-4052-a396-007ec48a78c8}</UniqueIdentifier>
    </Filter>
    <Filter Include="GameEngine\Actor\Player">
      <UniqueIdentifier>{6b352e68-2d85-4bba-b8fa-fce981b59871}</UniqueIdentifier>
    </Filter>
    <Filter Include="GameEngine\Comp\Scene\Shape">
      <UniqueIdentifier>{4765a8c6-2536-484e-967c-862c59fe0b1a}</UniqueIdentifier>
    </Filter>
    <Filter Include="GameEngine\Actor\Planet\Planets">
      <UniqueIdentifier>{3b209852-8b3f-488d-812e-2a03c330174e}</UniqueIdentifier>
    </Filter>
    <Filter Include="GameEngine\Actor\PressureWave">
      <UniqueIdentifier>{374c13c6-28e7-452f-898a-e254eb31f92e}</UniqueIdentifier>
    </Filter>
    <Filter Include="GameEngine\Actor\Prop\McGuffins">
      <UniqueIdentifier>{63e1c893-6a19-4a19-90c8-b76a602e3e69}</UniqueIdentifier>
    </Filter>
    <Filter Include="GameEngine\Comp\Managers\RenderManager">
      <UniqueIdentifier>{fe076ab6-3a88-4368-bca3-fd4bd6c0f544}</UniqueIdentifier>
    </Filter>
    <Filter Include="GameEngine\Comp\Input">
      <UniqueIdentifier>{992858bd-24b2-480e-95e4-40e1756dbdc7}</UniqueIdentifier>
    </Filter>
  </ItemGroup>
  <ItemGroup>
    <Text Include="ReadMe.txt">
      <Filter>NextAPI</Filter>
    </Text>
    <Text Include="fragmentShader.txt">
      <Filter>GameEngine\Comp\Scene\Camera</Filter>
    </Text>
    <Text Include="vertexShader.txt">
      <Filter>GameEngine\Comp\Scene\Camera</Filter>
    </Text>
    <Text Include="ActorTemplate.h.txt">
      <Filter>GameEngine\Actor</Filter>
    </Text>
    <Text Include="ActorTemplate.cpp.txt">
      <Filter>GameEngine\Actor</Filter>
    </Text>
    <Text Include="CompTemplate.cpp.txt">
      <Filter>GameEngine\Comp</Filter>
    </Text>
    <Text Include="CompTemplate.h.txt">
      <Filter>GameEngine\Comp</Filter>
    </Text>
  </ItemGroup>
  <ItemGroup>
    <None Include="GravityWellComp.h">
      <Filter>GameEngine\Comp\Physics</Filter>
    </None>
  </ItemGroup>
</Project>